<?xml version="1.0" encoding="utf-8"?>
<Project ToolsVersion="4.0" xmlns="http://schemas.microsoft.com/developer/msbuild/2003">
  <ItemGroup>
    <Filter Include="소스 파일">
      <UniqueIdentifier>{4FC737F1-C7A5-4376-A066-2A32D752A2FF}</UniqueIdentifier>
      <Extensions>cpp;c;cc;cxx;c++;cppm;ixx;def;odl;idl;hpj;bat;asm;asmx</Extensions>
    </Filter>
    <Filter Include="헤더 파일">
      <UniqueIdentifier>{93995380-89BD-4b04-88EB-625FBE52EBFB}</UniqueIdentifier>
      <Extensions>h;hh;hpp;hxx;h++;hm;inl;inc;ipp;xsd</Extensions>
    </Filter>
    <Filter Include="리소스 파일">
      <UniqueIdentifier>{67DA6AB6-F800-4c08-8B7A-83BB121AAD01}</UniqueIdentifier>
      <Extensions>rc;ico;cur;bmp;dlg;rc2;rct;bin;rgs;gif;jpg;jpeg;jpe;resx;tiff;tif;png;wav;mfcribbon-ms</Extensions>
    </Filter>
    <Filter Include="gameNode">
      <UniqueIdentifier>{2a0be0e6-62fd-43de-a606-55b511847593}</UniqueIdentifier>
    </Filter>
    <Filter Include="Manager">
      <UniqueIdentifier>{77fc1430-c839-4247-ae8d-f85644be1aa7}</UniqueIdentifier>
    </Filter>
    <Filter Include="Object">
      <UniqueIdentifier>{b9d236da-086c-4479-aee7-a1acbeb7dd14}</UniqueIdentifier>
    </Filter>
    <Filter Include="Scene">
      <UniqueIdentifier>{c009a410-e4a6-412b-bf6f-ffb28291d3df}</UniqueIdentifier>
    </Filter>
    <Filter Include="Scene\Prototype">
      <UniqueIdentifier>{c3980ca4-5d64-4618-9445-6ff58e529c94}</UniqueIdentifier>
    </Filter>
    <Filter Include="Object\Prototype">
      <UniqueIdentifier>{a77d5089-48fa-4408-800c-c991194bc4bf}</UniqueIdentifier>
    </Filter>
    <Filter Include="Concept">
      <UniqueIdentifier>{cb2dd22d-41b1-4c2d-8e7c-b0944fe2b254}</UniqueIdentifier>
    </Filter>
    <Filter Include="Concept\image">
      <UniqueIdentifier>{f246c95e-8530-4564-a361-9e48ca56eb83}</UniqueIdentifier>
    </Filter>
    <Filter Include="Concept\animation">
      <UniqueIdentifier>{f76728bc-10bf-45ed-82bd-a7a8932a210f}</UniqueIdentifier>
    </Filter>
    <Filter Include="Concept\effect">
      <UniqueIdentifier>{799f9037-ac59-46a7-8c21-272e269886bb}</UniqueIdentifier>
    </Filter>
    <Filter Include="Concept\timer">
      <UniqueIdentifier>{153e0e81-aff6-49db-8d0b-f53ec02a7782}</UniqueIdentifier>
    </Filter>
    <Filter Include="Manager\Animation_M">
      <UniqueIdentifier>{0ef76b0c-dfa5-49d9-b9ae-139323476691}</UniqueIdentifier>
    </Filter>
    <Filter Include="Manager\Input_M">
      <UniqueIdentifier>{375916ee-f020-4016-9fda-15168fd3f3dc}</UniqueIdentifier>
    </Filter>
    <Filter Include="System">
      <UniqueIdentifier>{59958f3c-d674-4f33-b11b-24eabe0563cd}</UniqueIdentifier>
    </Filter>
    <Filter Include="Scene\Test">
      <UniqueIdentifier>{09f15028-8364-474e-aeda-9fee328e6240}</UniqueIdentifier>
    </Filter>
    <Filter Include="Manager\Camera_M">
      <UniqueIdentifier>{e723bdd1-faa4-44ed-b788-b4a512e971f9}</UniqueIdentifier>
    </Filter>
    <Filter Include="Manager\GObject_M">
      <UniqueIdentifier>{ea60cd20-d922-4633-af0b-054b9b5583d4}</UniqueIdentifier>
    </Filter>
    <Filter Include="Manager\ect">
      <UniqueIdentifier>{f6d4b45c-a250-4bba-ac57-21cfd9b21a07}</UniqueIdentifier>
    </Filter>
    <Filter Include="Manager\ect\Effect_M">
      <UniqueIdentifier>{0f9f4697-a229-4889-9d75-51379cbbfa9e}</UniqueIdentifier>
    </Filter>
    <Filter Include="Manager\ect\Sound_M">
      <UniqueIdentifier>{00c9edf7-d146-41fd-9753-33088564d08f}</UniqueIdentifier>
    </Filter>
    <Filter Include="Manager\ect\Time_M">
      <UniqueIdentifier>{85727489-aef9-4224-8a5a-a08cf56470cc}</UniqueIdentifier>
    </Filter>
    <Filter Include="Manager\ect\txtData_M">
      <UniqueIdentifier>{92f693a0-550f-41a8-a65a-6d81b123b502}</UniqueIdentifier>
    </Filter>
    <Filter Include="Manager\ect\Scene_M">
      <UniqueIdentifier>{0e12064d-ac55-4e92-8997-300defd5f957}</UniqueIdentifier>
    </Filter>
    <Filter Include="System\Inventory">
      <UniqueIdentifier>{c7487c2c-b336-4b94-8d25-4183c39eb5bf}</UniqueIdentifier>
    </Filter>
    <Filter Include="System\Map">
      <UniqueIdentifier>{d3367895-89de-489d-985c-4c9fb3f54731}</UniqueIdentifier>
    </Filter>
    <Filter Include="헤더 파일\ect">
      <UniqueIdentifier>{d1d99b89-66e1-4214-8844-a53a4e347ea0}</UniqueIdentifier>
    </Filter>
    <Filter Include="CommonInfo">
      <UniqueIdentifier>{70a60181-9de3-4a50-aa23-8b59169b6ed8}</UniqueIdentifier>
    </Filter>
    <Filter Include="헤더 파일\ect\UTIL">
      <UniqueIdentifier>{693a5e0e-cac8-4d85-bbd8-7c6f50294b06}</UniqueIdentifier>
    </Filter>
    <Filter Include="CommonInfo\Struct">
      <UniqueIdentifier>{11ba7997-29cd-4377-9f11-5991315c57cd}</UniqueIdentifier>
    </Filter>
    <Filter Include="CommonInfo\DB">
      <UniqueIdentifier>{d37d24bb-a20c-40ae-8606-2ff0e4582b9a}</UniqueIdentifier>
    </Filter>
    <Filter Include="Manager\Image_M">
      <UniqueIdentifier>{1152c167-f5d9-454b-b3c1-4d807f26f46a}</UniqueIdentifier>
    </Filter>
    <Filter Include="CommonInfo\DB\Info">
      <UniqueIdentifier>{3db6b452-e310-47d8-8cef-a87429ae2542}</UniqueIdentifier>
    </Filter>
    <Filter Include="System\Battle">
      <UniqueIdentifier>{c7be98a5-5111-45c9-9dc1-5f52d5f7b7d3}</UniqueIdentifier>
    </Filter>
    <Filter Include="Component">
      <UniqueIdentifier>{73f8c52f-b98d-433e-b6c3-957e7fea7af1}</UniqueIdentifier>
    </Filter>
    <Filter Include="Component\Prototype">
      <UniqueIdentifier>{4f399900-ea7a-4f18-a91e-f96155febca7}</UniqueIdentifier>
    </Filter>
    <Filter Include="Component\Collider">
      <UniqueIdentifier>{2e20b540-91a6-4a64-8a9a-3f3a1d08d1fc}</UniqueIdentifier>
    </Filter>
    <Filter Include="Component\Animator">
      <UniqueIdentifier>{d4592c56-8318-4cc6-a445-4ac2a894d9e7}</UniqueIdentifier>
    </Filter>
    <Filter Include="Component\Transform">
      <UniqueIdentifier>{71a4995f-520b-4320-83f4-e47421f5cbdf}</UniqueIdentifier>
    </Filter>
    <Filter Include="Component\SpriteRender">
      <UniqueIdentifier>{fb5b43eb-dcf9-4b80-867a-a1df25b815c0}</UniqueIdentifier>
    </Filter>
  </ItemGroup>
  <ItemGroup>
    <ClInclude Include="gameNode.h">
      <Filter>gameNode</Filter>
    </ClInclude>
    <ClInclude Include="utils.h">
      <Filter>헤더 파일\ect\UTIL</Filter>
    </ClInclude>
    <ClInclude Include="image.h">
      <Filter>Concept\image</Filter>
    </ClInclude>
    <ClInclude Include="timer.h">
      <Filter>Concept\timer</Filter>
    </ClInclude>
    <ClInclude Include="animation.h">
      <Filter>Concept\animation</Filter>
    </ClInclude>
    <ClInclude Include="effect.h">
      <Filter>Concept\effect</Filter>
    </ClInclude>
    <ClInclude Include="Vector2.h">
      <Filter>CommonInfo\Struct</Filter>
    </ClInclude>
    <ClInclude Include="TestScene.h">
      <Filter>Scene</Filter>
    </ClInclude>
    <ClInclude Include="mainGame.h">
      <Filter>gameNode</Filter>
    </ClInclude>
    <ClInclude Include="GameObject.h">
      <Filter>Object\Prototype</Filter>
    </ClInclude>
    <ClInclude Include="Object.h">
      <Filter>Object\Prototype</Filter>
    </ClInclude>
    <ClInclude Include="Scene.h">
      <Filter>Scene\Prototype</Filter>
    </ClInclude>
    <ClInclude Include="Unit.h">
      <Filter>Object\Prototype</Filter>
    </ClInclude>
    <ClInclude Include="Enum.h">
      <Filter>CommonInfo</Filter>
    </ClInclude>
    <ClInclude Include="animationManager.h">
      <Filter>Manager\Animation_M</Filter>
    </ClInclude>
    <ClInclude Include="effectManager.h">
      <Filter>Manager\ect\Effect_M</Filter>
    </ClInclude>
    <ClInclude Include="soundManager.h">
      <Filter>Manager\ect\Sound_M</Filter>
    </ClInclude>
    <ClInclude Include="Input.h">
      <Filter>Manager\Input_M</Filter>
    </ClInclude>
    <ClInclude Include="timeManager.h">
      <Filter>Manager\ect\Time_M</Filter>
    </ClInclude>
    <ClInclude Include="txtData.h">
      <Filter>Manager\ect\txtData_M</Filter>
    </ClInclude>
    <ClInclude Include="imageManager.h">
      <Filter>Manager\Image_M</Filter>
    </ClInclude>
    <ClInclude Include="sceneManager.h">
      <Filter>Manager\ect\Scene_M</Filter>
    </ClInclude>
    <ClInclude Include="CComponent.h">
      <Filter>Component\Prototype</Filter>
    </ClInclude>
    <ClInclude Include="Rect.h">
      <Filter>CommonInfo\Struct</Filter>
    </ClInclude>
    <ClInclude Include="CGameManager.h">
      <Filter>Manager</Filter>
    </ClInclude>
    <ClInclude Include="ImageData.h">
      <Filter>CommonInfo\Struct</Filter>
    </ClInclude>
    <ClInclude Include="TownScene.h">
      <Filter>Scene</Filter>
    </ClInclude>
    <ClInclude Include="DungeonData.h">
      <Filter>CommonInfo\Struct</Filter>
    </ClInclude>
    <ClInclude Include="Activity_log.h">
      <Filter>헤더 파일</Filter>
    </ClInclude>
    <ClInclude Include="CBuilding.h">
      <Filter>Object\UI\EST_Button</Filter>
    </ClInclude>
    <ClInclude Include="CCameraManager.h">
      <Filter>Manager\Camera_M</Filter>
    </ClInclude>
    <ClInclude Include="CObjectManager.h">
      <Filter>Manager\GObject_M</Filter>
    </ClInclude>
    <ClInclude Include="CCollider.h">
      <Filter>Component\Collider</Filter>
    </ClInclude>
    <ClInclude Include="CAnimator.h">
      <Filter>Component\Animator</Filter>
    </ClInclude>
    <ClInclude Include="CTransform.h">
      <Filter>Component\Transform</Filter>
    </ClInclude>
    <ClInclude Include="CSpriteRenderer.h">
      <Filter>Component\SpriteRender</Filter>
    </ClInclude>
    <ClInclude Include="CBattleSystem.h">
      <Filter>System\Battle</Filter>
    </ClInclude>
    <ClInclude Include="CInventorySystem.h">
      <Filter>System\Inventory</Filter>
    </ClInclude>
    <ClInclude Include="CMapSystem.h">
      <Filter>System\Map</Filter>
    </ClInclude>
    <ClInclude Include="targetver.h">
      <Filter>헤더 파일\ect</Filter>
    </ClInclude>
    <ClInclude Include="singleton.h">
      <Filter>헤더 파일\ect</Filter>
    </ClInclude>
    <ClInclude Include="Resource.h">
      <Filter>헤더 파일\ect</Filter>
    </ClInclude>
    <ClInclude Include="randomFunction.h">
      <Filter>헤더 파일\ect</Filter>
    </ClInclude>
    <ClInclude Include="commonMacroFunction.h">
      <Filter>헤더 파일\ect</Filter>
    </ClInclude>
    <ClInclude Include="API_FrameWork.h">
      <Filter>헤더 파일\ect</Filter>
    </ClInclude>
    <ClInclude Include="framework.h">
      <Filter>CommonInfo</Filter>
    </ClInclude>
    <ClInclude Include="DB_Item.h">
      <Filter>CommonInfo\DB</Filter>
    </ClInclude>
    <ClInclude Include="DB_Skill.h">
      <Filter>CommonInfo\DB</Filter>
    </ClInclude>
    <ClInclude Include="Info_Skill.h">
      <Filter>CommonInfo\DB\Info</Filter>
    </ClInclude>
    <ClInclude Include="Info_Item.h">
      <Filter>CommonInfo\DB\Info</Filter>
    </ClInclude>
    <ClInclude Include="DungeonScene.h">
      <Filter>Scene</Filter>
    </ClInclude>
    <ClInclude Include="Info_Hero.h">
      <Filter>CommonInfo\DB\Info</Filter>
    </ClInclude>
    <ClInclude Include="Info_Enemy.h">
      <Filter>CommonInfo\DB\Info</Filter>
    </ClInclude>
    <ClInclude Include="Info_Unit.h">
      <Filter>CommonInfo\DB\Info</Filter>
    </ClInclude>
    <ClInclude Include="DB_UnitInfo.h">
      <Filter>CommonInfo\DB</Filter>
    </ClInclude>
    <ClInclude Include="Info.h">
      <Filter>CommonInfo\DB\Info</Filter>
    </ClInclude>
    <ClInclude Include="InfomationManager.h">
      <Filter>Manager</Filter>
    </ClInclude>
    <ClInclude Include="CEquipButton.h">
      <Filter>헤더 파일</Filter>
    </ClInclude>
    <ClInclude Include="ImageObject.h">
      <Filter>System\Battle</Filter>
    </ClInclude>
    <ClInclude Include="CBTN_CampSkill.h">
      <Filter>헤더 파일</Filter>
    </ClInclude>
    <ClInclude Include="CPosition_Button.h">
      <Filter>헤더 파일</Filter>
    </ClInclude>
    <ClInclude Include="ImageEffectBG.h">
      <Filter>System\Battle</Filter>
    </ClInclude>
    <ClInclude Include="CEnemyInfoUI.h">
      <Filter>System\Battle</Filter>
    </ClInclude>
    <ClInclude Include="mainScene.h">
      <Filter>Scene</Filter>
    </ClInclude>
    <ClInclude Include="MonsterIndicator.h">
      <Filter>System\Battle</Filter>
    </ClInclude>
    <ClInclude Include="CItemEffect.h">
      <Filter>CommonInfo\DB\Info</Filter>
    </ClInclude>
    <ClInclude Include="ItemEffect_Colletion.h">
      <Filter>CommonInfo\DB</Filter>
    </ClInclude>
    <ClInclude Include="StartBG.h">
      <Filter>헤더 파일</Filter>
    </ClInclude>
    <ClInclude Include="TitleButton.h">
      <Filter>헤더 파일</Filter>
    </ClInclude>
  </ItemGroup>
  <ItemGroup>
    <ClCompile Include="API_FrameWork.cpp">
      <Filter>소스 파일</Filter>
    </ClCompile>
    <ClCompile Include="gameNode.cpp">
      <Filter>gameNode</Filter>
    </ClCompile>
    <ClCompile Include="utils.cpp">
      <Filter>헤더 파일\ect\UTIL</Filter>
    </ClCompile>
    <ClCompile Include="image.cpp">
      <Filter>Concept\image</Filter>
    </ClCompile>
    <ClCompile Include="timer.cpp">
      <Filter>Concept\timer</Filter>
    </ClCompile>
    <ClCompile Include="animation.cpp">
      <Filter>Concept\animation</Filter>
    </ClCompile>
    <ClCompile Include="effect.cpp">
      <Filter>Concept\effect</Filter>
    </ClCompile>
    <ClCompile Include="Vector2.cpp">
      <Filter>CommonInfo\Struct</Filter>
    </ClCompile>
    <ClCompile Include="TestScene.cpp">
      <Filter>Scene</Filter>
    </ClCompile>
    <ClCompile Include="mainGame.cpp">
      <Filter>gameNode</Filter>
    </ClCompile>
    <ClCompile Include="GameObject.cpp">
      <Filter>Object\Prototype</Filter>
    </ClCompile>
    <ClCompile Include="Object.cpp">
      <Filter>Object\Prototype</Filter>
    </ClCompile>
    <ClCompile Include="Scene.cpp">
      <Filter>Scene\Prototype</Filter>
    </ClCompile>
    <ClCompile Include="Unit.cpp">
      <Filter>Object\Prototype</Filter>
    </ClCompile>
    <ClCompile Include="DungeonScene.cpp">
      <Filter>Scene</Filter>
    </ClCompile>
    <ClCompile Include="animationManager.cpp">
      <Filter>Manager\Animation_M</Filter>
    </ClCompile>
    <ClCompile Include="effectManager.cpp">
      <Filter>Manager\ect\Effect_M</Filter>
    </ClCompile>
    <ClCompile Include="soundManager.cpp">
      <Filter>Manager\ect\Sound_M</Filter>
    </ClCompile>
    <ClCompile Include="Input.cpp">
      <Filter>Manager\Input_M</Filter>
    </ClCompile>
    <ClCompile Include="timeManager.cpp">
      <Filter>Manager\ect\Time_M</Filter>
    </ClCompile>
    <ClCompile Include="txtData.cpp">
      <Filter>Manager\ect\txtData_M</Filter>
    </ClCompile>
    <ClCompile Include="imageManager.cpp">
      <Filter>Manager\Image_M</Filter>
    </ClCompile>
    <ClCompile Include="sceneManager.cpp">
      <Filter>Manager\ect\Scene_M</Filter>
    </ClCompile>
    <ClCompile Include="CComponent.cpp">
      <Filter>Component\Prototype</Filter>
    </ClCompile>
    <ClCompile Include="Rect.cpp">
      <Filter>CommonInfo\Struct</Filter>
    </ClCompile>
    <ClCompile Include="CGameManager.cpp">
      <Filter>Manager</Filter>
    </ClCompile>
    <ClCompile Include="ImageData.cpp">
      <Filter>CommonInfo\Struct</Filter>
    </ClCompile>
    <ClCompile Include="TownScene.cpp">
      <Filter>Scene</Filter>
    </ClCompile>
    <ClCompile Include="DungeonData.cpp">
      <Filter>CommonInfo\Struct</Filter>
    </ClCompile>
    <ClCompile Include="Activity_log.cpp">
      <Filter>소스 파일</Filter>
    </ClCompile>
    <ClCompile Include="CBuilding.cpp">
      <Filter>Object\UI\EST_Button</Filter>
    </ClCompile>
    <ClCompile Include="CCameraManager.cpp">
      <Filter>Manager\Camera_M</Filter>
    </ClCompile>
    <ClCompile Include="CObjectManager.cpp">
      <Filter>Manager\GObject_M</Filter>
    </ClCompile>
    <ClCompile Include="CCollider.cpp">
      <Filter>Component\Collider</Filter>
    </ClCompile>
    <ClCompile Include="CAnimator.cpp">
      <Filter>Component\Animator</Filter>
    </ClCompile>
    <ClCompile Include="CTransform.cpp">
      <Filter>Component\Transform</Filter>
    </ClCompile>
    <ClCompile Include="CSpriteRenderer.cpp">
      <Filter>Component\SpriteRender</Filter>
    </ClCompile>
    <ClCompile Include="CBattleSystem.cpp">
      <Filter>System\Battle</Filter>
    </ClCompile>
    <ClCompile Include="CInventorySystem.cpp">
      <Filter>System\Inventory</Filter>
    </ClCompile>
    <ClCompile Include="CMapSystem.cpp">
      <Filter>System\Map</Filter>
    </ClCompile>
    <ClCompile Include="DB_Item.cpp">
      <Filter>CommonInfo\DB</Filter>
    </ClCompile>
    <ClCompile Include="DB_Skill.cpp">
      <Filter>CommonInfo\DB</Filter>
    </ClCompile>
    <ClCompile Include="Info_Skill.cpp">
      <Filter>CommonInfo\DB\Info</Filter>
    </ClCompile>
    <ClCompile Include="Info_Item.cpp">
      <Filter>CommonInfo\DB\Info</Filter>
    </ClCompile>
    <ClCompile Include="Info_Hero.cpp">
      <Filter>CommonInfo\DB\Info</Filter>
    </ClCompile>
    <ClCompile Include="Info_Enemy.cpp">
      <Filter>CommonInfo\DB\Info</Filter>
    </ClCompile>
    <ClCompile Include="Info_Unit.cpp">
      <Filter>CommonInfo\DB\Info</Filter>
    </ClCompile>
    <ClCompile Include="DB_UnitInfo.cpp">
      <Filter>CommonInfo\DB</Filter>
    </ClCompile>
    <ClCompile Include="Info.cpp">
      <Filter>CommonInfo\DB\Info</Filter>
    </ClCompile>
    <ClCompile Include="InfomationManager.cpp">
      <Filter>Manager</Filter>
    </ClCompile>
    <ClCompile Include="CEquipButton.cpp">
      <Filter>소스 파일</Filter>
    </ClCompile>
    <ClCompile Include="ImageObject.cpp">
      <Filter>System\Battle</Filter>
    </ClCompile>
    <ClCompile Include="CBTN_CampSkill.cpp">
      <Filter>소스 파일</Filter>
    </ClCompile>
    <ClCompile Include="CPosition_Button.cpp">
      <Filter>소스 파일</Filter>
    </ClCompile>
    <ClCompile Include="ImageEffectBG.cpp">
      <Filter>System\Battle</Filter>
    </ClCompile>
    <ClCompile Include="CEnemyInfoUI.cpp">
      <Filter>System\Battle</Filter>
    </ClCompile>
    <ClCompile Include="mainScene.cpp">
      <Filter>Scene</Filter>
    </ClCompile>
    <ClCompile Include="MonsterIndicator.cpp">
      <Filter>System\Battle</Filter>
    </ClCompile>
    <ClCompile Include="ItemEffect_Colletion.cpp">
      <Filter>CommonInfo\DB</Filter>
    </ClCompile>
    <ClCompile Include="CItemEffect.cpp">
      <Filter>CommonInfo\DB\Info</Filter>
    </ClCompile>
    <ClCompile Include="StartBG.cpp">
      <Filter>소스 파일</Filter>
    </ClCompile>
    <ClCompile Include="TitleButton.cpp">
      <Filter>소스 파일</Filter>
    </ClCompile>
  </ItemGroup>
  <ItemGroup>
    <ResourceCompile Include="API_FrameWork.rc">
      <Filter>리소스 파일</Filter>
    </ResourceCompile>
  </ItemGroup>
  <ItemGroup>
    <Image Include="small.ico">
      <Filter>리소스 파일</Filter>
    </Image>
    <Image Include="API_FrameWork.ico">
      <Filter>리소스 파일</Filter>
    </Image>
  </ItemGroup>
</Project>