<?xml version="1.0" encoding="utf-8"?>
<Project ToolsVersion="4.0" xmlns="http://schemas.microsoft.com/developer/msbuild/2003">
  <ItemGroup>
    <Filter Include="소스 파일">
      <UniqueIdentifier>{4FC737F1-C7A5-4376-A066-2A32D752A2FF}</UniqueIdentifier>
      <Extensions>cpp;c;cc;cxx;c++;cppm;ixx;def;odl;idl;hpj;bat;asm;asmx</Extensions>
    </Filter>
    <Filter Include="헤더 파일">
      <UniqueIdentifier>{93995380-89BD-4b04-88EB-625FBE52EBFB}</UniqueIdentifier>
      <Extensions>h;hh;hpp;hxx;h++;hm;inl;inc;ipp;xsd</Extensions>
    </Filter>
    <Filter Include="리소스 파일">
      <UniqueIdentifier>{67DA6AB6-F800-4c08-8B7A-83BB121AAD01}</UniqueIdentifier>
      <Extensions>rc;ico;cur;bmp;dlg;rc2;rct;bin;rgs;gif;jpg;jpeg;jpe;resx;tiff;tif;png;wav;mfcribbon-ms</Extensions>
    </Filter>
    <Filter Include="gameNode">
      <UniqueIdentifier>{2a0be0e6-62fd-43de-a606-55b511847593}</UniqueIdentifier>
    </Filter>
    <Filter Include="Manager">
      <UniqueIdentifier>{77fc1430-c839-4247-ae8d-f85644be1aa7}</UniqueIdentifier>
    </Filter>
    <Filter Include="Object">
      <UniqueIdentifier>{b9d236da-086c-4479-aee7-a1acbeb7dd14}</UniqueIdentifier>
    </Filter>
    <Filter Include="Scene">
      <UniqueIdentifier>{c009a410-e4a6-412b-bf6f-ffb28291d3df}</UniqueIdentifier>
    </Filter>
    <Filter Include="Scene\Prototype">
      <UniqueIdentifier>{c3980ca4-5d64-4618-9445-6ff58e529c94}</UniqueIdentifier>
    </Filter>
    <Filter Include="Object\Prototype">
      <UniqueIdentifier>{a77d5089-48fa-4408-800c-c991194bc4bf}</UniqueIdentifier>
    </Filter>
    <Filter Include="Reference">
      <UniqueIdentifier>{f28c5d41-82f0-4ccf-9c33-7c155409d006}</UniqueIdentifier>
    </Filter>
    <Filter Include="Reference\airHockey">
      <UniqueIdentifier>{78d63421-0823-4e1d-b5a9-cbfabcb65627}</UniqueIdentifier>
    </Filter>
    <Filter Include="Reference\testScene">
      <UniqueIdentifier>{ba7c4a1c-6a9f-4ff1-a710-828a70500f19}</UniqueIdentifier>
    </Filter>
    <Filter Include="Reference\tank">
      <UniqueIdentifier>{b27cfa34-3cc2-4095-a356-de016408a082}</UniqueIdentifier>
    </Filter>
    <Filter Include="Object\Component">
      <UniqueIdentifier>{73f8c52f-b98d-433e-b6c3-957e7fea7af1}</UniqueIdentifier>
    </Filter>
    <Filter Include="Reference\loading">
      <UniqueIdentifier>{4340957f-7eb6-4d06-a697-1d8d3df4894d}</UniqueIdentifier>
    </Filter>
    <Filter Include="헤더 파일\UTIL">
      <UniqueIdentifier>{693a5e0e-cac8-4d85-bbd8-7c6f50294b06}</UniqueIdentifier>
    </Filter>
    <Filter Include="헤더 파일\Struct">
      <UniqueIdentifier>{11ba7997-29cd-4377-9f11-5991315c57cd}</UniqueIdentifier>
    </Filter>
    <Filter Include="Concept">
      <UniqueIdentifier>{cb2dd22d-41b1-4c2d-8e7c-b0944fe2b254}</UniqueIdentifier>
    </Filter>
    <Filter Include="Concept\image">
      <UniqueIdentifier>{f246c95e-8530-4564-a361-9e48ca56eb83}</UniqueIdentifier>
    </Filter>
    <Filter Include="Enum">
      <UniqueIdentifier>{70a60181-9de3-4a50-aa23-8b59169b6ed8}</UniqueIdentifier>
    </Filter>
    <Filter Include="Enum\MJ">
      <UniqueIdentifier>{0ebbc7be-ae57-45c6-9635-f1b0c8ee6673}</UniqueIdentifier>
    </Filter>
    <Filter Include="Enum\WT">
      <UniqueIdentifier>{0d76a86e-9073-4263-bae8-fe745f4582f8}</UniqueIdentifier>
    </Filter>
    <Filter Include="Concept\animation">
      <UniqueIdentifier>{f76728bc-10bf-45ed-82bd-a7a8932a210f}</UniqueIdentifier>
    </Filter>
    <Filter Include="Concept\effect">
      <UniqueIdentifier>{799f9037-ac59-46a7-8c21-272e269886bb}</UniqueIdentifier>
    </Filter>
    <Filter Include="Concept\timer">
      <UniqueIdentifier>{153e0e81-aff6-49db-8d0b-f53ec02a7782}</UniqueIdentifier>
    </Filter>
    <Filter Include="Manager\Animation_M">
      <UniqueIdentifier>{0ef76b0c-dfa5-49d9-b9ae-139323476691}</UniqueIdentifier>
    </Filter>
    <Filter Include="Manager\Effect_M">
      <UniqueIdentifier>{0f9f4697-a229-4889-9d75-51379cbbfa9e}</UniqueIdentifier>
    </Filter>
    <Filter Include="Manager\Sound_M">
      <UniqueIdentifier>{00c9edf7-d146-41fd-9753-33088564d08f}</UniqueIdentifier>
    </Filter>
    <Filter Include="Manager\Input_M">
      <UniqueIdentifier>{375916ee-f020-4016-9fda-15168fd3f3dc}</UniqueIdentifier>
    </Filter>
    <Filter Include="Manager\Time_M">
      <UniqueIdentifier>{85727489-aef9-4224-8a5a-a08cf56470cc}</UniqueIdentifier>
    </Filter>
    <Filter Include="Manager\txtData_M">
      <UniqueIdentifier>{92f693a0-550f-41a8-a65a-6d81b123b502}</UniqueIdentifier>
    </Filter>
    <Filter Include="Manager\Image_M">
      <UniqueIdentifier>{1152c167-f5d9-454b-b3c1-4d807f26f46a}</UniqueIdentifier>
    </Filter>
    <Filter Include="Manager\Scene_M">
      <UniqueIdentifier>{0e12064d-ac55-4e92-8997-300defd5f957}</UniqueIdentifier>
    </Filter>
    <Filter Include="Reference\mapTool">
      <UniqueIdentifier>{df97f2cb-c56a-4c60-a425-efb3ced4b31e}</UniqueIdentifier>
    </Filter>
    <Filter Include="Reference\miniMap">
      <UniqueIdentifier>{41007116-0069-4fd8-8d25-70bb59f2a234}</UniqueIdentifier>
    </Filter>
    <Filter Include="Reference\shooting">
      <UniqueIdentifier>{b96e36bf-0caf-4859-9656-5bb01cbe94fd}</UniqueIdentifier>
    </Filter>
    <Filter Include="Reference\shooting\bullet">
      <UniqueIdentifier>{bcf0b271-44c7-464f-a65b-5fdaa784051e}</UniqueIdentifier>
    </Filter>
    <Filter Include="Reference\shooting\로켓">
      <UniqueIdentifier>{05ca8b35-d29c-4d6c-8a75-7858525d98a6}</UniqueIdentifier>
    </Filter>
    <Filter Include="Reference\TestAnimation">
      <UniqueIdentifier>{4981e6ed-1387-496d-a98e-f3caa30435d4}</UniqueIdentifier>
    </Filter>
    <Filter Include="Reference\Enemy">
      <UniqueIdentifier>{7ed9668d-9d7e-4b01-a39f-842e7acae077}</UniqueIdentifier>
    </Filter>
    <Filter Include="Reference\A%2a">
      <UniqueIdentifier>{d6da94a8-d55e-4cc4-b47c-98bc84efa10d}</UniqueIdentifier>
    </Filter>
    <Filter Include="Reference\TestEffect">
      <UniqueIdentifier>{cf39b8fe-e5ca-446a-93ca-6095e60ccfba}</UniqueIdentifier>
    </Filter>
    <Filter Include="Reference\progressBar">
      <UniqueIdentifier>{5a2a6f49-9af9-45ce-a35f-aa13aa88d69e}</UniqueIdentifier>
    </Filter>
  </ItemGroup>
  <ItemGroup>
    <ClInclude Include="framework.h">
      <Filter>헤더 파일</Filter>
    </ClInclude>
    <ClInclude Include="targetver.h">
      <Filter>헤더 파일</Filter>
    </ClInclude>
    <ClInclude Include="Resource.h">
      <Filter>헤더 파일</Filter>
    </ClInclude>
    <ClInclude Include="API_FrameWork.h">
      <Filter>헤더 파일</Filter>
    </ClInclude>
    <ClInclude Include="commonMacroFunction.h">
      <Filter>헤더 파일</Filter>
    </ClInclude>
    <ClInclude Include="gameNode.h">
      <Filter>gameNode</Filter>
    </ClInclude>
    <ClInclude Include="randomFunction.h">
      <Filter>헤더 파일</Filter>
    </ClInclude>
    <ClInclude Include="utils.h">
      <Filter>헤더 파일\UTIL</Filter>
    </ClInclude>
    <ClInclude Include="image.h">
      <Filter>Concept\image</Filter>
    </ClInclude>
    <ClInclude Include="airHockey.h">
      <Filter>Reference\airHockey</Filter>
    </ClInclude>
    <ClInclude Include="minimap.h">
      <Filter>Reference\miniMap</Filter>
    </ClInclude>
    <ClInclude Include="bullet.h">
      <Filter>Reference\shooting\bullet</Filter>
    </ClInclude>
    <ClInclude Include="rocket.h">
      <Filter>Reference\shooting\로켓</Filter>
    </ClInclude>
    <ClInclude Include="enemy.h">
      <Filter>Reference\Enemy</Filter>
    </ClInclude>
    <ClInclude Include="enemyManager.h">
      <Filter>Reference\Enemy</Filter>
    </ClInclude>
    <ClInclude Include="minion.h">
      <Filter>Reference\Enemy</Filter>
    </ClInclude>
    <ClInclude Include="timer.h">
      <Filter>Concept\timer</Filter>
    </ClInclude>
    <ClInclude Include="progressBar.h">
      <Filter>Reference\progressBar</Filter>
    </ClInclude>
    <ClInclude Include="scene2.h">
      <Filter>Reference\testScene</Filter>
    </ClInclude>
    <ClInclude Include="scene1.h">
      <Filter>Reference\testScene</Filter>
    </ClInclude>
    <ClInclude Include="soundTest.h">
      <Filter>Reference\testScene</Filter>
    </ClInclude>
    <ClInclude Include="loading.h">
      <Filter>Reference\loading</Filter>
    </ClInclude>
    <ClInclude Include="loadiingTest.h">
      <Filter>Reference\testScene</Filter>
    </ClInclude>
    <ClInclude Include="pixelCollision.h">
      <Filter>Reference\testScene</Filter>
    </ClInclude>
    <ClInclude Include="animation.h">
      <Filter>Concept\animation</Filter>
    </ClInclude>
    <ClInclude Include="animationTest.h">
      <Filter>Reference\TestAnimation</Filter>
    </ClInclude>
    <ClInclude Include="camel.h">
      <Filter>Reference\TestAnimation</Filter>
    </ClInclude>
    <ClInclude Include="effect.h">
      <Filter>Concept\effect</Filter>
    </ClInclude>
    <ClInclude Include="effectTest.h">
      <Filter>Reference\TestEffect</Filter>
    </ClInclude>
    <ClInclude Include="mapTool.h">
      <Filter>Reference\mapTool</Filter>
    </ClInclude>
    <ClInclude Include="globalTank.h">
      <Filter>Reference\tank</Filter>
    </ClInclude>
    <ClInclude Include="tank.h">
      <Filter>Reference\tank</Filter>
    </ClInclude>
    <ClInclude Include="tankGameScene.h">
      <Filter>Reference\tank</Filter>
    </ClInclude>
    <ClInclude Include="tankMap.h">
      <Filter>Reference\tank</Filter>
    </ClInclude>
    <ClInclude Include="Astar.h">
      <Filter>Reference\A%2a</Filter>
    </ClInclude>
    <ClInclude Include="Vector2.h">
      <Filter>헤더 파일\Struct</Filter>
    </ClInclude>
    <ClInclude Include="TestScene.h">
      <Filter>Scene</Filter>
    </ClInclude>
    <ClInclude Include="mainGame.h">
      <Filter>gameNode</Filter>
    </ClInclude>
    <ClInclude Include="GameObject.h">
      <Filter>Object\Prototype</Filter>
    </ClInclude>
    <ClInclude Include="Object.h">
      <Filter>Object\Prototype</Filter>
    </ClInclude>
    <ClInclude Include="CObjectManager.h">
      <Filter>Manager</Filter>
    </ClInclude>
    <ClInclude Include="Scene.h">
      <Filter>Scene\Prototype</Filter>
    </ClInclude>
    <ClInclude Include="Unit.h">
      <Filter>Object\Prototype</Filter>
    </ClInclude>
    <ClInclude Include="CPlayer.h">
      <Filter>Object</Filter>
    </ClInclude>
    <ClInclude Include="CBackground.h">
      <Filter>Object</Filter>
    </ClInclude>
    <ClInclude Include="Transform.h">
      <Filter>Object\Component</Filter>
    </ClInclude>
    <ClInclude Include="singleton.h">
      <Filter>헤더 파일</Filter>
    </ClInclude>
    <ClInclude Include="CCameraManager.h">
      <Filter>Manager</Filter>
    </ClInclude>
    <ClInclude Include="CEnemy.h">
      <Filter>Object</Filter>
    </ClInclude>
    <ClInclude Include="Enum.h">
      <Filter>Enum</Filter>
    </ClInclude>
    <ClInclude Include="Enum_WT.h">
      <Filter>Enum\WT</Filter>
    </ClInclude>
    <ClInclude Include="Enum_MJ.h">
      <Filter>Enum\MJ</Filter>
    </ClInclude>
    <ClInclude Include="ImageAdder_MJ.h">
      <Filter>Enum\MJ</Filter>
    </ClInclude>
    <ClInclude Include="DungeonScene.h">
      <Filter>Scene</Filter>
    </ClInclude>
    <ClInclude Include="ImageAdder_WT.h">
      <Filter>Enum\WT</Filter>
    </ClInclude>
    <ClInclude Include="animationManager.h">
      <Filter>Manager\Animation_M</Filter>
    </ClInclude>
    <ClInclude Include="effectManager.h">
      <Filter>Manager\Effect_M</Filter>
    </ClInclude>
    <ClInclude Include="soundManager.h">
      <Filter>Manager\Sound_M</Filter>
    </ClInclude>
    <ClInclude Include="Input.h">
      <Filter>Manager\Input_M</Filter>
    </ClInclude>
    <ClInclude Include="timeManager.h">
      <Filter>Manager\Time_M</Filter>
    </ClInclude>
    <ClInclude Include="txtData.h">
      <Filter>Manager\txtData_M</Filter>
    </ClInclude>
    <ClInclude Include="imageManager.h">
      <Filter>Manager\Image_M</Filter>
    </ClInclude>
    <ClInclude Include="sceneManager.h">
      <Filter>Manager\Scene_M</Filter>
    </ClInclude>
  </ItemGroup>
  <ItemGroup>
    <ClCompile Include="API_FrameWork.cpp">
      <Filter>소스 파일</Filter>
    </ClCompile>
    <ClCompile Include="gameNode.cpp">
      <Filter>gameNode</Filter>
    </ClCompile>
    <ClCompile Include="utils.cpp">
      <Filter>헤더 파일\UTIL</Filter>
    </ClCompile>
    <ClCompile Include="image.cpp">
      <Filter>Concept\image</Filter>
    </ClCompile>
    <ClCompile Include="airHockey.cpp">
      <Filter>Reference\airHockey</Filter>
    </ClCompile>
    <ClCompile Include="minimap.cpp">
      <Filter>Reference\miniMap</Filter>
    </ClCompile>
    <ClCompile Include="bullet.cpp">
      <Filter>Reference\shooting\bullet</Filter>
    </ClCompile>
    <ClCompile Include="rocket.cpp">
      <Filter>Reference\shooting\로켓</Filter>
    </ClCompile>
    <ClCompile Include="minion.cpp">
      <Filter>Reference\Enemy</Filter>
    </ClCompile>
    <ClCompile Include="enemyManager.cpp">
      <Filter>Reference\Enemy</Filter>
    </ClCompile>
    <ClCompile Include="enemy.cpp">
      <Filter>Reference\Enemy</Filter>
    </ClCompile>
    <ClCompile Include="timer.cpp">
      <Filter>Concept\timer</Filter>
    </ClCompile>
    <ClCompile Include="progressBar.cpp">
      <Filter>Reference\progressBar</Filter>
    </ClCompile>
    <ClCompile Include="scene1.cpp">
      <Filter>Reference\testScene</Filter>
    </ClCompile>
    <ClCompile Include="scene2.cpp">
      <Filter>Reference\testScene</Filter>
    </ClCompile>
    <ClCompile Include="soundTest.cpp">
      <Filter>Reference\testScene</Filter>
    </ClCompile>
    <ClCompile Include="loading.cpp">
      <Filter>Reference\loading</Filter>
    </ClCompile>
    <ClCompile Include="loadiingTest.cpp">
      <Filter>Reference\testScene</Filter>
    </ClCompile>
    <ClCompile Include="pixelCollision.cpp">
      <Filter>Reference\testScene</Filter>
    </ClCompile>
    <ClCompile Include="animation.cpp">
      <Filter>Concept\animation</Filter>
    </ClCompile>
    <ClCompile Include="animationTest.cpp">
      <Filter>Reference\TestAnimation</Filter>
    </ClCompile>
    <ClCompile Include="camel.cpp">
      <Filter>Reference\TestAnimation</Filter>
    </ClCompile>
    <ClCompile Include="effect.cpp">
      <Filter>Concept\effect</Filter>
    </ClCompile>
    <ClCompile Include="effectTest.cpp">
      <Filter>Reference\TestEffect</Filter>
    </ClCompile>
    <ClCompile Include="mapTool.cpp">
      <Filter>Reference\mapTool</Filter>
    </ClCompile>
    <ClCompile Include="tank.cpp">
      <Filter>Reference\tank</Filter>
    </ClCompile>
    <ClCompile Include="tankGameScene.cpp">
      <Filter>Reference\tank</Filter>
    </ClCompile>
    <ClCompile Include="tankMap.cpp">
      <Filter>Reference\tank</Filter>
    </ClCompile>
    <ClCompile Include="Astar.cpp">
      <Filter>Reference\A%2a</Filter>
    </ClCompile>
    <ClCompile Include="Vector2.cpp">
      <Filter>헤더 파일\Struct</Filter>
    </ClCompile>
    <ClCompile Include="TestScene.cpp">
      <Filter>Scene</Filter>
    </ClCompile>
    <ClCompile Include="mainGame.cpp">
      <Filter>gameNode</Filter>
    </ClCompile>
    <ClCompile Include="GameObject.cpp">
      <Filter>Object\Prototype</Filter>
    </ClCompile>
    <ClCompile Include="Object.cpp">
      <Filter>Object\Prototype</Filter>
    </ClCompile>
    <ClCompile Include="CObjectManager.cpp">
      <Filter>Manager</Filter>
    </ClCompile>
    <ClCompile Include="Scene.cpp">
      <Filter>Scene\Prototype</Filter>
    </ClCompile>
    <ClCompile Include="Unit.cpp">
      <Filter>Object\Prototype</Filter>
    </ClCompile>
    <ClCompile Include="CPlayer.cpp">
      <Filter>Object</Filter>
    </ClCompile>
    <ClCompile Include="CBackground.cpp">
      <Filter>Object</Filter>
    </ClCompile>
    <ClCompile Include="Transform.cpp">
      <Filter>Object\Component</Filter>
    </ClCompile>
    <ClCompile Include="CCameraManager.cpp">
      <Filter>Manager</Filter>
    </ClCompile>
    <ClCompile Include="CEnemy.cpp">
      <Filter>Object</Filter>
    </ClCompile>
    <ClCompile Include="ImageAdder_MJ.cpp">
      <Filter>Enum\MJ</Filter>
    </ClCompile>
    <ClCompile Include="DungeonScene.cpp">
      <Filter>Scene</Filter>
    </ClCompile>
    <ClCompile Include="ImageAdder_WT.cpp">
      <Filter>Enum\WT</Filter>
    </ClCompile>
    <ClCompile Include="animationManager.cpp">
      <Filter>Manager\Animation_M</Filter>
    </ClCompile>
    <ClCompile Include="effectManager.cpp">
      <Filter>Manager\Effect_M</Filter>
    </ClCompile>
    <ClCompile Include="soundManager.cpp">
      <Filter>Manager\Sound_M</Filter>
    </ClCompile>
    <ClCompile Include="Input.cpp">
      <Filter>Manager\Input_M</Filter>
    </ClCompile>
    <ClCompile Include="timeManager.cpp">
      <Filter>Manager\Time_M</Filter>
    </ClCompile>
    <ClCompile Include="txtData.cpp">
      <Filter>Manager\txtData_M</Filter>
    </ClCompile>
    <ClCompile Include="imageManager.cpp">
      <Filter>Manager\Image_M</Filter>
    </ClCompile>
    <ClCompile Include="sceneManager.cpp">
      <Filter>Manager\Scene_M</Filter>
    </ClCompile>
  </ItemGroup>
  <ItemGroup>
    <ResourceCompile Include="API_FrameWork.rc">
      <Filter>리소스 파일</Filter>
    </ResourceCompile>
  </ItemGroup>
  <ItemGroup>
    <Image Include="small.ico">
      <Filter>리소스 파일</Filter>
    </Image>
    <Image Include="API_FrameWork.ico">
      <Filter>리소스 파일</Filter>
    </Image>
  </ItemGroup>
</Project>